// !$*UTF8*$!
{
	archiveVersion = 1;
	classes = {
	};
	objectVersion = 50;
	objects = {

/* Begin PBXBuildFile section */
		181F793822DB456100E85BCC /* AppDelegate.swift in Sources */ = {isa = PBXBuildFile; fileRef = 181F793722DB456100E85BCC /* AppDelegate.swift */; };
		181F793A22DB456100E85BCC /* ViewController.swift in Sources */ = {isa = PBXBuildFile; fileRef = 181F793922DB456100E85BCC /* ViewController.swift */; };
		181F793F22DB456400E85BCC /* Assets.xcassets in Resources */ = {isa = PBXBuildFile; fileRef = 181F793E22DB456400E85BCC /* Assets.xcassets */; };
		181F794222DB456400E85BCC /* LaunchScreen.storyboard in Resources */ = {isa = PBXBuildFile; fileRef = 181F794022DB456400E85BCC /* LaunchScreen.storyboard */; };
		181F794A22DB749700E85BCC /* AddEmailController.swift in Sources */ = {isa = PBXBuildFile; fileRef = 181F794922DB749700E85BCC /* AddEmailController.swift */; };
		181F794D22DB812000E85BCC /* Main.storyboard in Resources */ = {isa = PBXBuildFile; fileRef = 181F794B22DB812000E85BCC /* Main.storyboard */; };
		182617831A697FA7FF44755A /* Pods_Note2Mail.framework in Frameworks */ = {isa = PBXBuildFile; fileRef = 41AC19CCD66AA8BF365491A5 /* Pods_Note2Mail.framework */; };
/* End PBXBuildFile section */

/* Begin PBXFileReference section */
		181F793422DB456100E85BCC /* Note2Mail.app */ = {isa = PBXFileReference; explicitFileType = wrapper.application; includeInIndex = 0; path = Note2Mail.app; sourceTree = BUILT_PRODUCTS_DIR; };
		181F793722DB456100E85BCC /* AppDelegate.swift */ = {isa = PBXFileReference; lastKnownFileType = sourcecode.swift; path = AppDelegate.swift; sourceTree = "<group>"; };
		181F793922DB456100E85BCC /* ViewController.swift */ = {isa = PBXFileReference; lastKnownFileType = sourcecode.swift; path = ViewController.swift; sourceTree = "<group>"; };
		181F793E22DB456400E85BCC /* Assets.xcassets */ = {isa = PBXFileReference; lastKnownFileType = folder.assetcatalog; path = Assets.xcassets; sourceTree = "<group>"; };
		181F794122DB456400E85BCC /* Base */ = {isa = PBXFileReference; lastKnownFileType = file.storyboard; name = Base; path = Base.lproj/LaunchScreen.storyboard; sourceTree = "<group>"; };
		181F794322DB456400E85BCC /* Info.plist */ = {isa = PBXFileReference; lastKnownFileType = text.plist.xml; path = Info.plist; sourceTree = "<group>"; };
		181F794922DB749700E85BCC /* AddEmailController.swift */ = {isa = PBXFileReference; lastKnownFileType = sourcecode.swift; path = AddEmailController.swift; sourceTree = "<group>"; };
		181F794C22DB812000E85BCC /* Base */ = {isa = PBXFileReference; lastKnownFileType = file.storyboard; name = Base; path = Base.lproj/Main.storyboard; sourceTree = "<group>"; };
		41AC19CCD66AA8BF365491A5 /* Pods_Note2Mail.framework */ = {isa = PBXFileReference; explicitFileType = wrapper.framework; includeInIndex = 0; path = Pods_Note2Mail.framework; sourceTree = BUILT_PRODUCTS_DIR; };
		B6811408CF9D12DE8CB3B510 /* Pods-Note2Mail.debug.xcconfig */ = {isa = PBXFileReference; includeInIndex = 1; lastKnownFileType = text.xcconfig; name = "Pods-Note2Mail.debug.xcconfig"; path = "Pods/Target Support Files/Pods-Note2Mail/Pods-Note2Mail.debug.xcconfig"; sourceTree = "<group>"; };
		D11C78B4743BB14BFDA1274B /* Pods-Note2Mail.release.xcconfig */ = {isa = PBXFileReference; includeInIndex = 1; lastKnownFileType = text.xcconfig; name = "Pods-Note2Mail.release.xcconfig"; path = "Pods/Target Support Files/Pods-Note2Mail/Pods-Note2Mail.release.xcconfig"; sourceTree = "<group>"; };
/* End PBXFileReference section */

/* Begin PBXFrameworksBuildPhase section */
		181F793122DB456100E85BCC /* Frameworks */ = {
			isa = PBXFrameworksBuildPhase;
			buildActionMask = 2147483647;
			files = (
				182617831A697FA7FF44755A /* Pods_Note2Mail.framework in Frameworks */,
			);
			runOnlyForDeploymentPostprocessing = 0;
		};
/* End PBXFrameworksBuildPhase section */

/* Begin PBXGroup section */
		181F792B22DB456100E85BCC = {
			isa = PBXGroup;
			children = (
				181F793622DB456100E85BCC /* Note2Mail */,
				181F793522DB456100E85BCC /* Products */,
				520FE5702F5ED1B5465985EA /* Pods */,
				8CF2040F69B42AB57F99977E /* Frameworks */,
			);
			sourceTree = "<group>";
		};
		181F793522DB456100E85BCC /* Products */ = {
			isa = PBXGroup;
			children = (
				181F793422DB456100E85BCC /* Note2Mail.app */,
			);
			name = Products;
			sourceTree = "<group>";
		};
		181F793622DB456100E85BCC /* Note2Mail */ = {
			isa = PBXGroup;
			children = (
				181F794B22DB812000E85BCC /* Main.storyboard */,
				181F793722DB456100E85BCC /* AppDelegate.swift */,
				181F793922DB456100E85BCC /* ViewController.swift */,
				181F793E22DB456400E85BCC /* Assets.xcassets */,
				181F794022DB456400E85BCC /* LaunchScreen.storyboard */,
				181F794322DB456400E85BCC /* Info.plist */,
				181F794922DB749700E85BCC /* AddEmailController.swift */,
			);
			path = Note2Mail;
			sourceTree = "<group>";
		};
		520FE5702F5ED1B5465985EA /* Pods */ = {
			isa = PBXGroup;
			children = (
				B6811408CF9D12DE8CB3B510 /* Pods-Note2Mail.debug.xcconfig */,
				D11C78B4743BB14BFDA1274B /* Pods-Note2Mail.release.xcconfig */,
			);
			name = Pods;
			sourceTree = "<group>";
		};
		8CF2040F69B42AB57F99977E /* Frameworks */ = {
			isa = PBXGroup;
			children = (
				41AC19CCD66AA8BF365491A5 /* Pods_Note2Mail.framework */,
			);
			name = Frameworks;
			sourceTree = "<group>";
		};
/* End PBXGroup section */

/* Begin PBXNativeTarget section */
		181F793322DB456100E85BCC /* Note2Mail */ = {
			isa = PBXNativeTarget;
			buildConfigurationList = 181F794622DB456400E85BCC /* Build configuration list for PBXNativeTarget "Note2Mail" */;
			buildPhases = (
				0171A1AD52784FFAD222CDD0 /* [CP] Check Pods Manifest.lock */,
				181F793022DB456100E85BCC /* Sources */,
				181F793122DB456100E85BCC /* Frameworks */,
				181F793222DB456100E85BCC /* Resources */,
				CDB158E054820B9F14F0CF38 /* [CP] Embed Pods Frameworks */,
			);
			buildRules = (
			);
			dependencies = (
			);
			name = Note2Mail;
			productName = Note2Mail;
			productReference = 181F793422DB456100E85BCC /* Note2Mail.app */;
			productType = "com.apple.product-type.application";
		};
/* End PBXNativeTarget section */

/* Begin PBXProject section */
		181F792C22DB456100E85BCC /* Project object */ = {
			isa = PBXProject;
			attributes = {
				LastSwiftUpdateCheck = 1010;
				LastUpgradeCheck = 1010;
				ORGANIZATIONNAME = "Raman Dahiya";
				TargetAttributes = {
					181F793322DB456100E85BCC = {
						CreatedOnToolsVersion = 10.1;
					};
				};
			};
			buildConfigurationList = 181F792F22DB456100E85BCC /* Build configuration list for PBXProject "Note2Mail" */;
			compatibilityVersion = "Xcode 9.3";
			developmentRegion = en;
			hasScannedForEncodings = 0;
			knownRegions = (
				en,
				Base,
			);
			mainGroup = 181F792B22DB456100E85BCC;
			productRefGroup = 181F793522DB456100E85BCC /* Products */;
			projectDirPath = "";
			projectRoot = "";
			targets = (
				181F793322DB456100E85BCC /* Note2Mail */,
			);
		};
/* End PBXProject section */

/* Begin PBXResourcesBuildPhase section */
		181F793222DB456100E85BCC /* Resources */ = {
			isa = PBXResourcesBuildPhase;
			buildActionMask = 2147483647;
			files = (
				181F794D22DB812000E85BCC /* Main.storyboard in Resources */,
				181F794222DB456400E85BCC /* LaunchScreen.storyboard in Resources */,
				181F793F22DB456400E85BCC /* Assets.xcassets in Resources */,
			);
			runOnlyForDeploymentPostprocessing = 0;
		};
/* End PBXResourcesBuildPhase section */

/* Begin PBXShellScriptBuildPhase section */
		0171A1AD52784FFAD222CDD0 /* [CP] Check Pods Manifest.lock */ = {
			isa = PBXShellScriptBuildPhase;
			buildActionMask = 2147483647;
			files = (
			);
			inputFileListPaths = (
			);
			inputPaths = (
				"${PODS_PODFILE_DIR_PATH}/Podfile.lock",
				"${PODS_ROOT}/Manifest.lock",
			);
			name = "[CP] Check Pods Manifest.lock";
			outputFileListPaths = (
			);
			outputPaths = (
				"$(DERIVED_FILE_DIR)/Pods-Note2Mail-checkManifestLockResult.txt",
			);
			runOnlyForDeploymentPostprocessing = 0;
			shellPath = /bin/sh;
			shellScript = "diff \"${PODS_PODFILE_DIR_PATH}/Podfile.lock\" \"${PODS_ROOT}/Manifest.lock\" > /dev/null\nif [ $? != 0 ] ; then\n    # print error to STDERR\n    echo \"error: The sandbox is not in sync with the Podfile.lock. Run 'pod install' or update your CocoaPods installation.\" >&2\n    exit 1\nfi\n# This output is used by Xcode 'outputs' to avoid re-running this script phase.\necho \"SUCCESS\" > \"${SCRIPT_OUTPUT_FILE_0}\"\n";
			showEnvVarsInLog = 0;
		};
		CDB158E054820B9F14F0CF38 /* [CP] Embed Pods Frameworks */ = {
			isa = PBXShellScriptBuildPhase;
			buildActionMask = 2147483647;
			files = (
			);
			inputFileListPaths = (
			);
			inputPaths = (
				"${SRCROOT}/Pods/Target Support Files/Pods-Note2Mail/Pods-Note2Mail-frameworks.sh",
				"${BUILT_PRODUCTS_DIR}/Alamofire/Alamofire.framework",
				"${BUILT_PRODUCTS_DIR}/AlamofireObjectMapper/AlamofireObjectMapper.framework",
				"${BUILT_PRODUCTS_DIR}/BEMCheckBox/BEMCheckBox.framework",
				"${BUILT_PRODUCTS_DIR}/ObjectMapper/ObjectMapper.framework",
			);
			name = "[CP] Embed Pods Frameworks";
			outputFileListPaths = (
			);
			outputPaths = (
				"${TARGET_BUILD_DIR}/${FRAMEWORKS_FOLDER_PATH}/Alamofire.framework",
				"${TARGET_BUILD_DIR}/${FRAMEWORKS_FOLDER_PATH}/AlamofireObjectMapper.framework",
				"${TARGET_BUILD_DIR}/${FRAMEWORKS_FOLDER_PATH}/BEMCheckBox.framework",
				"${TARGET_BUILD_DIR}/${FRAMEWORKS_FOLDER_PATH}/ObjectMapper.framework",
			);
			runOnlyForDeploymentPostprocessing = 0;
			shellPath = /bin/sh;
			shellScript = "\"${SRCROOT}/Pods/Target Support Files/Pods-Note2Mail/Pods-Note2Mail-frameworks.sh\"\n";
			showEnvVarsInLog = 0;
		};
/* End PBXShellScriptBuildPhase section */

/* Begin PBXSourcesBuildPhase section */
		181F793022DB456100E85BCC /* Sources */ = {
			isa = PBXSourcesBuildPhase;
			buildActionMask = 2147483647;
			files = (
				181F793A22DB456100E85BCC /* ViewController.swift in Sources */,
				181F794A22DB749700E85BCC /* AddEmailController.swift in Sources */,
				181F793822DB456100E85BCC /* AppDelegate.swift in Sources */,
			);
			runOnlyForDeploymentPostprocessing = 0;
		};
/* End PBXSourcesBuildPhase section */

/* Begin PBXVariantGroup section */
		181F794022DB456400E85BCC /* LaunchScreen.storyboard */ = {
			isa = PBXVariantGroup;
			children = (
				181F794122DB456400E85BCC /* Base */,
			);
			name = LaunchScreen.storyboard;
			sourceTree = "<group>";
		};
		181F794B22DB812000E85BCC /* Main.storyboard */ = {
			isa = PBXVariantGroup;
			children = (
				181F794C22DB812000E85BCC /* Base */,
			);
			name = Main.storyboard;
			sourceTree = "<group>";
		};
/* End PBXVariantGroup section */

/* Begin XCBuildConfiguration section */
		181F794422DB456400E85BCC /* Debug */ = {
			isa = XCBuildConfiguration;
			buildSettings = {
				ALWAYS_SEARCH_USER_PATHS = NO;
				CLANG_ANALYZER_NONNULL = YES;
				CLANG_ANALYZER_NUMBER_OBJECT_CONVERSION = YES_AGGRESSIVE;
				CLANG_CXX_LANGUAGE_STANDARD = "gnu++14";
				CLANG_CXX_LIBRARY = "libc++";
				CLANG_ENABLE_MODULES = YES;
				CLANG_ENABLE_OBJC_ARC = YES;
				CLANG_ENABLE_OBJC_WEAK = YES;
				CLANG_WARN_BLOCK_CAPTURE_AUTORELEASING = YES;
				CLANG_WARN_BOOL_CONVERSION = YES;
				CLANG_WARN_COMMA = YES;
				CLANG_WARN_CONSTANT_CONVERSION = YES;
				CLANG_WARN_DEPRECATED_OBJC_IMPLEMENTATIONS = YES;
				CLANG_WARN_DIRECT_OBJC_ISA_USAGE = YES_ERROR;
				CLANG_WARN_DOCUMENTATION_COMMENTS = YES;
				CLANG_WARN_EMPTY_BODY = YES;
				CLANG_WARN_ENUM_CONVERSION = YES;
				CLANG_WARN_INFINITE_RECURSION = YES;
				CLANG_WARN_INT_CONVERSION = YES;
				CLANG_WARN_NON_LITERAL_NULL_CONVERSION = YES;
				CLANG_WARN_OBJC_IMPLICIT_RETAIN_SELF = YES;
				CLANG_WARN_OBJC_LITERAL_CONVERSION = YES;
				CLANG_WARN_OBJC_ROOT_CLASS = YES_ERROR;
				CLANG_WARN_RANGE_LOOP_ANALYSIS = YES;
				CLANG_WARN_STRICT_PROTOTYPES = YES;
				CLANG_WARN_SUSPICIOUS_MOVE = YES;
				CLANG_WARN_UNGUARDED_AVAILABILITY = YES_AGGRESSIVE;
				CLANG_WARN_UNREACHABLE_CODE = YES;
				CLANG_WARN__DUPLICATE_METHOD_MATCH = YES;
				CODE_SIGN_IDENTITY = "iPhone Developer";
				COPY_PHASE_STRIP = NO;
				DEBUG_INFORMATION_FORMAT = dwarf;
				ENABLE_STRICT_OBJC_MSGSEND = YES;
				ENABLE_TESTABILITY = YES;
				GCC_C_LANGUAGE_STANDARD = gnu11;
				GCC_DYNAMIC_NO_PIC = NO;
				GCC_NO_COMMON_BLOCKS = YES;
				GCC_OPTIMIZATION_LEVEL = 0;
				GCC_PREPROCESSOR_DEFINITIONS = (
					"DEBUG=1",
					"$(inherited)",
				);
				GCC_WARN_64_TO_32_BIT_CONVERSION = YES;
				GCC_WARN_ABOUT_RETURN_TYPE = YES_ERROR;
				GCC_WARN_UNDECLARED_SELECTOR = YES;
				GCC_WARN_UNINITIALIZED_AUTOS = YES_AGGRESSIVE;
				GCC_WARN_UNUSED_FUNCTION = YES;
				GCC_WARN_UNUSED_VARIABLE = YES;
				IPHONEOS_DEPLOYMENT_TARGET = 12.1;
				MTL_ENABLE_DEBUG_INFO = INCLUDE_SOURCE;
				MTL_FAST_MATH = YES;
				ONLY_ACTIVE_ARCH = YES;
				SDKROOT = iphoneos;
				SWIFT_ACTIVE_COMPILATION_CONDITIONS = DEBUG;
				SWIFT_OPTIMIZATION_LEVEL = "-Onone";
			};
			name = Debug;
		};
		181F794522DB456400E85BCC /* Release */ = {
			isa = XCBuildConfiguration;
			buildSettings = {
				ALWAYS_SEARCH_USER_PATHS = NO;
				CLANG_ANALYZER_NONNULL = YES;
				CLANG_ANALYZER_NUMBER_OBJECT_CONVERSION = YES_AGGRESSIVE;
				CLANG_CXX_LANGUAGE_STANDARD = "gnu++14";
				CLANG_CXX_LIBRARY = "libc++";
				CLANG_ENABLE_MODULES = YES;
				CLANG_ENABLE_OBJC_ARC = YES;
				CLANG_ENABLE_OBJC_WEAK = YES;
				CLANG_WARN_BLOCK_CAPTURE_AUTORELEASING = YES;
				CLANG_WARN_BOOL_CONVERSION = YES;
				CLANG_WARN_COMMA = YES;
				CLANG_WARN_CONSTANT_CONVERSION = YES;
				CLANG_WARN_DEPRECATED_OBJC_IMPLEMENTATIONS = YES;
				CLANG_WARN_DIRECT_OBJC_ISA_USAGE = YES_ERROR;
				CLANG_WARN_DOCUMENTATION_COMMENTS = YES;
				CLANG_WARN_EMPTY_BODY = YES;
				CLANG_WARN_ENUM_CONVERSION = YES;
				CLANG_WARN_INFINITE_RECURSION = YES;
				CLANG_WARN_INT_CONVERSION = YES;
				CLANG_WARN_NON_LITERAL_NULL_CONVERSION = YES;
				CLANG_WARN_OBJC_IMPLICIT_RETAIN_SELF = YES;
				CLANG_WARN_OBJC_LITERAL_CONVERSION = YES;
				CLANG_WARN_OBJC_ROOT_CLASS = YES_ERROR;
				CLANG_WARN_RANGE_LOOP_ANALYSIS = YES;
				CLANG_WARN_STRICT_PROTOTYPES = YES;
				CLANG_WARN_SUSPICIOUS_MOVE = YES;
				CLANG_WARN_UNGUARDED_AVAILABILITY = YES_AGGRESSIVE;
				CLANG_WARN_UNREACHABLE_CODE = YES;
				CLANG_WARN__DUPLICATE_METHOD_MATCH = YES;
				CODE_SIGN_IDENTITY = "iPhone Developer";
				COPY_PHASE_STRIP = NO;
				DEBUG_INFORMATION_FORMAT = "dwarf-with-dsym";
				ENABLE_NS_ASSERTIONS = NO;
				ENABLE_STRICT_OBJC_MSGSEND = YES;
				GCC_C_LANGUAGE_STANDARD = gnu11;
				GCC_NO_COMMON_BLOCKS = YES;
				GCC_WARN_64_TO_32_BIT_CONVERSION = YES;
				GCC_WARN_ABOUT_RETURN_TYPE = YES_ERROR;
				GCC_WARN_UNDECLARED_SELECTOR = YES;
				GCC_WARN_UNINITIALIZED_AUTOS = YES_AGGRESSIVE;
				GCC_WARN_UNUSED_FUNCTION = YES;
				GCC_WARN_UNUSED_VARIABLE = YES;
				IPHONEOS_DEPLOYMENT_TARGET = 12.1;
				MTL_ENABLE_DEBUG_INFO = NO;
				MTL_FAST_MATH = YES;
				SDKROOT = iphoneos;
				SWIFT_COMPILATION_MODE = wholemodule;
				SWIFT_OPTIMIZATION_LEVEL = "-O";
				VALIDATE_PRODUCT = YES;
			};
			name = Release;
		};
		181F794722DB456400E85BCC /* Debug */ = {
			isa = XCBuildConfiguration;
			baseConfigurationReference = B6811408CF9D12DE8CB3B510 /* Pods-Note2Mail.debug.xcconfig */;
			buildSettings = {
				ASSETCATALOG_COMPILER_APPICON_NAME = AppIcon;
				CODE_SIGN_STYLE = Automatic;
				DEVELOPMENT_TEAM = NC5X6898P9;
				INFOPLIST_FILE = Note2Mail/Info.plist;
				LD_RUNPATH_SEARCH_PATHS = (
					"$(inherited)",
					"@executable_path/Frameworks",
				);
				PRODUCT_BUNDLE_IDENTIFIER = comrade.Note2EMail;
				PRODUCT_NAME = "$(TARGET_NAME)";
				SWIFT_VERSION = 4.2;
				TARGETED_DEVICE_FAMILY = "1,2";
			};
			name = Debug;
		};
		181F794822DB456400E85BCC /* Release */ = {
			isa = XCBuildConfiguration;
			baseConfigurationReference = D11C78B4743BB14BFDA1274B /* Pods-Note2Mail.release.xcconfig */;
			buildSettings = {
				ASSETCATALOG_COMPILER_APPICON_NAME = AppIcon;
				CODE_SIGN_STYLE = Automatic;
				DEVELOPMENT_TEAM = NC5X6898P9;
				INFOPLIST_FILE = Note2Mail/Info.plist;
				LD_RUNPATH_SEARCH_PATHS = (
					"$(inherited)",
					"@executable_path/Frameworks",
				);
				PRODUCT_BUNDLE_IDENTIFIER = comrade.Note2EMail;
				PRODUCT_NAME = "$(TARGET_NAME)";
				SWIFT_VERSION = 4.2;
				TARGETED_DEVICE_FAMILY = "1,2";
			};
			name = Release;
		};
/* End XCBuildConfiguration section */

/* Begin XCConfigurationList section */
		181F792F22DB456100E85BCC /* Build configuration list for PBXProject "Note2Mail" */ = {
			isa = XCConfigurationList;
			buildConfigurations = (
				181F794422DB456400E85BCC /* Debug */,
				181F794522DB456400E85BCC /* Release */,
			);
			defaultConfigurationIsVisible = 0;
			defaultConfigurationName = Release;
		};
		181F794622DB456400E85BCC /* Build configuration list for PBXNativeTarget "Note2Mail" */ = {
			isa = XCConfigurationList;
			buildConfigurations = (
				181F794722DB456400E85BCC /* Debug */,
				181F794822DB456400E85BCC /* Release */,
			);
			defaultConfigurationIsVisible = 0;
			defaultConfigurationName = Release;
		};
/* End XCConfigurationList section */
	};
	rootObject = 181F792C22DB456100E85BCC /* Project object */;
}
